<Solution>
  <Folder Name="/Solution Items/">
    <File Path="README.md" />
    <File Path="pack.ps1" />
    <File Path="pack.sh" />
    <File Path="deploy-dev.ps1" />
    <File Path="LICENSE" />
  </Folder>
  <Project Path="src/DMXCore100.WiZ/DMXCore100.WiZ.csproj" />
  <Project Path="tests/DMXCore100.WiZ.Tests/DMXCore100.WiZ.Tests.csproj" />
  <Project Path="tools/DMXCore100.WiZ.DevHost/DMXCore100.WiZ.DevHost.csproj" />
</Solution>
